
Microsoft Visual Studio Solution File, Format Version 12.00
# Visual Studio 14
VisualStudioVersion = 14.0.25420.1
MinimumVisualStudioVersion = 10.0.40219.1
Project("{FAE04EC0-301F-11D3-BF4B-00C04F79EFBC}") = "GAC Collection", "GAC Collection\GAC Collection.csproj", "{2876D1C2-E19E-4C75-84DD-CE96804F2DCF}"
EndProject
Project("{2150E333-8FDC-42A3-9474-1A3956D46DE8}") = "Helper", "Helper", "{367EC2AB-F287-49F4-A3C4-118311E29A7D}"
EndProject
Project("{FAE04EC0-301F-11D3-BF4B-00C04F79EFBC}") = "RegistryHelper", "Helper\RegistryHelper\RegistryHelper.csproj", "{41EC46EA-1386-4EB1-8986-D1C9FC03FC95}"
EndProject
Project("{FAE04EC0-301F-11D3-BF4B-00C04F79EFBC}") = "UrlCommon", "UrlCommon\UrlCommon.csproj", "{E02982B5-3A01-4828-85A9-068E67391C5D}"
EndProject
Project("{FAE04EC0-301F-11D3-BF4B-00C04F79EFBC}") = "TaskCommon", "TaskCommon\TaskCommon.csproj", "{EB8D4301-FA3E-43FF-AB09-5461C699C3D6}"
EndProject
Project("{FAE04EC0-301F-11D3-BF4B-00C04F79EFBC}") = "HttpCommon", "HttpCommon\HttpCommon.csproj", "{82DDD4B6-082A-4DC0-AB9A-8A423B162970}"
EndProject
Project("{FAE04EC0-301F-11D3-BF4B-00C04F79EFBC}") = "VariableCommon", "VariableCommon\VariableCommon.csproj", "{6926F438-7632-4C9E-B1D8-CB05ABF23131}"
EndProject
Project("{FAE04EC0-301F-11D3-BF4B-00C04F79EFBC}") = "BrowserXpathCommon", "BrowserXpathCommon\BrowserXpathCommon.csproj", "{2239F18F-F3EE-4D8F-825C-9794CF6AC499}"
EndProject
Project("{FAE04EC0-301F-11D3-BF4B-00C04F79EFBC}") = "HtmlAgilityPack", "Helper\HtmlAgilityPack\HtmlAgilityPack.csproj", "{193BB801-054F-4729-9D5D-FCE1E32594BF}"
EndProject
Project("{FAE04EC0-301F-11D3-BF4B-00C04F79EFBC}") = "TabSlider", "Helper\TabSlider\TabSlider.csproj", "{F009700A-BF17-4DD5-AE05-4BBD0F0BE5D4}"
EndProject
Project("{2150E333-8FDC-42A3-9474-1A3956D46DE8}") = "Core", "Core", "{8F9EDF73-4570-42A4-9D6A-A1123ED88CD7}"
EndProject
Project("{FAE04EC0-301F-11D3-BF4B-00C04F79EFBC}") = "SpiderUrl", "SpiderUrl\SpiderUrl.csproj", "{5AE7297B-B357-4C4C-8E30-47B041D8346F}"
EndProject
Project("{FAE04EC0-301F-11D3-BF4B-00C04F79EFBC}") = "XmlSerializer", "XmlSerializer\XmlSerializer.csproj", "{AC14D247-4F1F-42CD-922E-F2DFEDE32F50}"
EndProject
Project("{2150E333-8FDC-42A3-9474-1A3956D46DE8}") = "Test", "Test", "{43F0E7B8-069E-4A18-AB58-CFBF86B245B4}"
EndProject
Project("{FAE04EC0-301F-11D3-BF4B-00C04F79EFBC}") = "FileDownTest", "FileDownTest\FileDownTest.csproj", "{EB7B934A-D092-418F-93DA-A606D23C6360}"
EndProject
Project("{FAE04EC0-301F-11D3-BF4B-00C04F79EFBC}") = "XmlCreat", "XmlCreat\XmlCreat.csproj", "{D0E5584D-A3F2-4319-9606-BDD31B214D3F}"
EndProject
Project("{FAE04EC0-301F-11D3-BF4B-00C04F79EFBC}") = "LableCommon", "LableCommon\LableCommon.csproj", "{D8D7D362-31BE-44F9-8607-877E33747BA1}"
EndProject
Project("{FAE04EC0-301F-11D3-BF4B-00C04F79EFBC}") = "FilterCommon", "FilterCommon\FilterCommon.csproj", "{21B56C74-908C-435D-9E29-C94D4803501D}"
EndProject
Project("{FAE04EC0-301F-11D3-BF4B-00C04F79EFBC}") = "RuleCommon", "RuleCommon\RuleCommon.csproj", "{61A54F11-1781-419E-8EF6-2014807B1437}"
EndProject
Project("{FAE04EC0-301F-11D3-BF4B-00C04F79EFBC}") = "Html2Article", "Helper\Html2Article\Html2Article.csproj", "{0EDCFCDB-08FC-43AE-B6BB-BAF8D6EDF61E}"
EndProject
Project("{FAE04EC0-301F-11D3-BF4B-00C04F79EFBC}") = "DownLoadFile", "Helper\DownLoadFile\DownLoadFile.csproj", "{62DEC6C1-F1C0-4E9B-AED5-EDB757EB2BD0}"
EndProject
Project("{FAE04EC0-301F-11D3-BF4B-00C04F79EFBC}") = "CsharpHttpHelper", "Helper\CsharpHttpHelper\CsharpHttpHelper.csproj", "{966C2F8B-47E5-4E6D-ABFC-13501E739D25}"
EndProject
Project("{FAE04EC0-301F-11D3-BF4B-00C04F79EFBC}") = "SystemCommon", "Core\SystemCommon\SystemCommon.csproj", "{2C7A61A1-AC75-49E3-95CA-C9C635055376}"
EndProject
Project("{FAE04EC0-301F-11D3-BF4B-00C04F79EFBC}") = "GacDB", "Core\SpiderDB\GacDB.csproj", "{D6F3C810-F562-4639-B8D6-CDCE87B07F05}"
EndProject
Project("{FAE04EC0-301F-11D3-BF4B-00C04F79EFBC}") = "OutData", "Core\OutData\OutData.csproj", "{252177AB-84D5-4944-8B8B-5F9E44AF1F93}"
EndProject
Project("{2150E333-8FDC-42A3-9474-1A3956D46DE8}") = "Other", "Other", "{5C02EBE7-8CD6-4951-884C-799EA3CBA959}"
EndProject
Project("{FAE04EC0-301F-11D3-BF4B-00C04F79EFBC}") = "GacBrowser", "Other\FrmBrowser\GacBrowser.csproj", "{CD7493E1-2092-445D-BE73-DC0E877AEA72}"
EndProject
Project("{FAE04EC0-301F-11D3-BF4B-00C04F79EFBC}") = "GacHelper", "Other\GacHelper\GacHelper.csproj", "{C8F0B948-72BF-46AD-8F35-136D7E9CCBFA}"
EndProject
Project("{FAE04EC0-301F-11D3-BF4B-00C04F79EFBC}") = "WebPostManager", "Other\WebPostManager\WebPostManager.csproj", "{4BF61F00-2C1F-487C-B1E1-E4CA927B336B}"
EndProject
Project("{FAE04EC0-301F-11D3-BF4B-00C04F79EFBC}") = "WebPostModule", "Other\WebPostModule\WebPostModule.csproj", "{713DE142-226D-4961-B48B-31DDCFBD2D29}"
EndProject
Project("{FAE04EC0-301F-11D3-BF4B-00C04F79EFBC}") = "GacUserContorl", "Other\GacUserContorl\GacUserContorl.csproj", "{844EE663-226C-4A48-9235-2AE0E5E19FC3}"
EndProject
Project("{FAE04EC0-301F-11D3-BF4B-00C04F79EFBC}") = "LVWebPostModule", "Test\WindowsFormsApplication1\LVWebPostModule.csproj", "{03C8D8F9-7806-407E-BEA0-8C0ACA25C957}"
EndProject
Project("{FAE04EC0-301F-11D3-BF4B-00C04F79EFBC}") = "ModuleCommon", "Core\ModuleCommon\ModuleCommon.csproj", "{18F62AE2-3B00-4584-95A2-19CF9716FF43}"
EndProject
Project("{FAE04EC0-301F-11D3-BF4B-00C04F79EFBC}") = "GacApi", "Core\GacApi\GacApi.csproj", "{908061E1-1EDC-4002-AE36-C79EA23C9480}"
EndProject
Project("{2150E333-8FDC-42A3-9474-1A3956D46DE8}") = "Plugin", "Plugin", "{0F475948-8F1E-4E82-83F0-A9B95F4DEE1F}"
EndProject
Project("{FAE04EC0-301F-11D3-BF4B-00C04F79EFBC}") = "PluginDemo", "Plugin\PluginDemo\PluginDemo.csproj", "{DF0A4AB9-B88D-4CAF-AC20-15D3D13792BF}"
EndProject
Global
	GlobalSection(SolutionConfigurationPlatforms) = preSolution
		Debug|Any CPU = Debug|Any CPU
		Release|Any CPU = Release|Any CPU
	EndGlobalSection
	GlobalSection(ProjectConfigurationPlatforms) = postSolution
		{2876D1C2-E19E-4C75-84DD-CE96804F2DCF}.Debug|Any CPU.ActiveCfg = Debug|Any CPU
		{2876D1C2-E19E-4C75-84DD-CE96804F2DCF}.Debug|Any CPU.Build.0 = Debug|Any CPU
		{2876D1C2-E19E-4C75-84DD-CE96804F2DCF}.Release|Any CPU.ActiveCfg = Release|Any CPU
		{2876D1C2-E19E-4C75-84DD-CE96804F2DCF}.Release|Any CPU.Build.0 = Release|Any CPU
		{41EC46EA-1386-4EB1-8986-D1C9FC03FC95}.Debug|Any CPU.ActiveCfg = Debug|Any CPU
		{41EC46EA-1386-4EB1-8986-D1C9FC03FC95}.Debug|Any CPU.Build.0 = Debug|Any CPU
		{41EC46EA-1386-4EB1-8986-D1C9FC03FC95}.Release|Any CPU.ActiveCfg = Release|Any CPU
		{41EC46EA-1386-4EB1-8986-D1C9FC03FC95}.Release|Any CPU.Build.0 = Release|Any CPU
		{E02982B5-3A01-4828-85A9-068E67391C5D}.Debug|Any CPU.ActiveCfg = Debug|Any CPU
		{E02982B5-3A01-4828-85A9-068E67391C5D}.Debug|Any CPU.Build.0 = Debug|Any CPU
		{E02982B5-3A01-4828-85A9-068E67391C5D}.Release|Any CPU.ActiveCfg = Release|Any CPU
		{E02982B5-3A01-4828-85A9-068E67391C5D}.Release|Any CPU.Build.0 = Release|Any CPU
		{EB8D4301-FA3E-43FF-AB09-5461C699C3D6}.Debug|Any CPU.ActiveCfg = Debug|Any CPU
		{EB8D4301-FA3E-43FF-AB09-5461C699C3D6}.Debug|Any CPU.Build.0 = Debug|Any CPU
		{EB8D4301-FA3E-43FF-AB09-5461C699C3D6}.Release|Any CPU.ActiveCfg = Release|Any CPU
		{EB8D4301-FA3E-43FF-AB09-5461C699C3D6}.Release|Any CPU.Build.0 = Release|Any CPU
		{82DDD4B6-082A-4DC0-AB9A-8A423B162970}.Debug|Any CPU.ActiveCfg = Debug|Any CPU
		{82DDD4B6-082A-4DC0-AB9A-8A423B162970}.Debug|Any CPU.Build.0 = Debug|Any CPU
		{82DDD4B6-082A-4DC0-AB9A-8A423B162970}.Release|Any CPU.ActiveCfg = Release|Any CPU
		{82DDD4B6-082A-4DC0-AB9A-8A423B162970}.Release|Any CPU.Build.0 = Release|Any CPU
		{6926F438-7632-4C9E-B1D8-CB05ABF23131}.Debug|Any CPU.ActiveCfg = Debug|Any CPU
		{6926F438-7632-4C9E-B1D8-CB05ABF23131}.Debug|Any CPU.Build.0 = Debug|Any CPU
		{6926F438-7632-4C9E-B1D8-CB05ABF23131}.Release|Any CPU.ActiveCfg = Release|Any CPU
		{6926F438-7632-4C9E-B1D8-CB05ABF23131}.Release|Any CPU.Build.0 = Release|Any CPU
		{2239F18F-F3EE-4D8F-825C-9794CF6AC499}.Debug|Any CPU.ActiveCfg = Debug|Any CPU
		{2239F18F-F3EE-4D8F-825C-9794CF6AC499}.Debug|Any CPU.Build.0 = Debug|Any CPU
		{2239F18F-F3EE-4D8F-825C-9794CF6AC499}.Release|Any CPU.ActiveCfg = Release|Any CPU
		{2239F18F-F3EE-4D8F-825C-9794CF6AC499}.Release|Any CPU.Build.0 = Release|Any CPU
		{193BB801-054F-4729-9D5D-FCE1E32594BF}.Debug|Any CPU.ActiveCfg = Debug|Any CPU
		{193BB801-054F-4729-9D5D-FCE1E32594BF}.Debug|Any CPU.Build.0 = Debug|Any CPU
		{193BB801-054F-4729-9D5D-FCE1E32594BF}.Release|Any CPU.ActiveCfg = Release|Any CPU
		{193BB801-054F-4729-9D5D-FCE1E32594BF}.Release|Any CPU.Build.0 = Release|Any CPU
		{F009700A-BF17-4DD5-AE05-4BBD0F0BE5D4}.Debug|Any CPU.ActiveCfg = Debug|Any CPU
		{F009700A-BF17-4DD5-AE05-4BBD0F0BE5D4}.Debug|Any CPU.Build.0 = Debug|Any CPU
		{F009700A-BF17-4DD5-AE05-4BBD0F0BE5D4}.Release|Any CPU.ActiveCfg = Release|Any CPU
		{F009700A-BF17-4DD5-AE05-4BBD0F0BE5D4}.Release|Any CPU.Build.0 = Release|Any CPU
		{5AE7297B-B357-4C4C-8E30-47B041D8346F}.Debug|Any CPU.ActiveCfg = Debug|Any CPU
		{5AE7297B-B357-4C4C-8E30-47B041D8346F}.Debug|Any CPU.Build.0 = Debug|Any CPU
		{5AE7297B-B357-4C4C-8E30-47B041D8346F}.Release|Any CPU.ActiveCfg = Release|Any CPU
		{5AE7297B-B357-4C4C-8E30-47B041D8346F}.Release|Any CPU.Build.0 = Release|Any CPU
		{AC14D247-4F1F-42CD-922E-F2DFEDE32F50}.Debug|Any CPU.ActiveCfg = Debug|Any CPU
		{AC14D247-4F1F-42CD-922E-F2DFEDE32F50}.Debug|Any CPU.Build.0 = Debug|Any CPU
		{AC14D247-4F1F-42CD-922E-F2DFEDE32F50}.Release|Any CPU.ActiveCfg = Release|Any CPU
		{AC14D247-4F1F-42CD-922E-F2DFEDE32F50}.Release|Any CPU.Build.0 = Release|Any CPU
		{EB7B934A-D092-418F-93DA-A606D23C6360}.Debug|Any CPU.ActiveCfg = Debug|Any CPU
		{EB7B934A-D092-418F-93DA-A606D23C6360}.Debug|Any CPU.Build.0 = Debug|Any CPU
		{EB7B934A-D092-418F-93DA-A606D23C6360}.Release|Any CPU.ActiveCfg = Release|Any CPU
		{EB7B934A-D092-418F-93DA-A606D23C6360}.Release|Any CPU.Build.0 = Release|Any CPU
		{D0E5584D-A3F2-4319-9606-BDD31B214D3F}.Debug|Any CPU.ActiveCfg = Debug|Any CPU
		{D0E5584D-A3F2-4319-9606-BDD31B214D3F}.Debug|Any CPU.Build.0 = Debug|Any CPU
		{D0E5584D-A3F2-4319-9606-BDD31B214D3F}.Release|Any CPU.ActiveCfg = Release|Any CPU
		{D0E5584D-A3F2-4319-9606-BDD31B214D3F}.Release|Any CPU.Build.0 = Release|Any CPU
		{D8D7D362-31BE-44F9-8607-877E33747BA1}.Debug|Any CPU.ActiveCfg = Debug|Any CPU
		{D8D7D362-31BE-44F9-8607-877E33747BA1}.Debug|Any CPU.Build.0 = Debug|Any CPU
		{D8D7D362-31BE-44F9-8607-877E33747BA1}.Release|Any CPU.ActiveCfg = Release|Any CPU
		{D8D7D362-31BE-44F9-8607-877E33747BA1}.Release|Any CPU.Build.0 = Release|Any CPU
		{21B56C74-908C-435D-9E29-C94D4803501D}.Debug|Any CPU.ActiveCfg = Debug|Any CPU
		{21B56C74-908C-435D-9E29-C94D4803501D}.Debug|Any CPU.Build.0 = Debug|Any CPU
		{21B56C74-908C-435D-9E29-C94D4803501D}.Release|Any CPU.ActiveCfg = Release|Any CPU
		{21B56C74-908C-435D-9E29-C94D4803501D}.Release|Any CPU.Build.0 = Release|Any CPU
		{61A54F11-1781-419E-8EF6-2014807B1437}.Debug|Any CPU.ActiveCfg = Debug|Any CPU
		{61A54F11-1781-419E-8EF6-2014807B1437}.Debug|Any CPU.Build.0 = Debug|Any CPU
		{61A54F11-1781-419E-8EF6-2014807B1437}.Release|Any CPU.ActiveCfg = Release|Any CPU
		{61A54F11-1781-419E-8EF6-2014807B1437}.Release|Any CPU.Build.0 = Release|Any CPU
		{0EDCFCDB-08FC-43AE-B6BB-BAF8D6EDF61E}.Debug|Any CPU.ActiveCfg = Debug|Any CPU
		{0EDCFCDB-08FC-43AE-B6BB-BAF8D6EDF61E}.Debug|Any CPU.Build.0 = Debug|Any CPU
		{0EDCFCDB-08FC-43AE-B6BB-BAF8D6EDF61E}.Release|Any CPU.ActiveCfg = Release|Any CPU
		{0EDCFCDB-08FC-43AE-B6BB-BAF8D6EDF61E}.Release|Any CPU.Build.0 = Release|Any CPU
		{62DEC6C1-F1C0-4E9B-AED5-EDB757EB2BD0}.Debug|Any CPU.ActiveCfg = Debug|Any CPU
		{62DEC6C1-F1C0-4E9B-AED5-EDB757EB2BD0}.Debug|Any CPU.Build.0 = Debug|Any CPU
		{62DEC6C1-F1C0-4E9B-AED5-EDB757EB2BD0}.Release|Any CPU.ActiveCfg = Release|Any CPU
		{62DEC6C1-F1C0-4E9B-AED5-EDB757EB2BD0}.Release|Any CPU.Build.0 = Release|Any CPU
		{966C2F8B-47E5-4E6D-ABFC-13501E739D25}.Debug|Any CPU.ActiveCfg = Debug|Any CPU
		{966C2F8B-47E5-4E6D-ABFC-13501E739D25}.Debug|Any CPU.Build.0 = Debug|Any CPU
		{966C2F8B-47E5-4E6D-ABFC-13501E739D25}.Release|Any CPU.ActiveCfg = Release|Any CPU
		{966C2F8B-47E5-4E6D-ABFC-13501E739D25}.Release|Any CPU.Build.0 = Release|Any CPU
		{2C7A61A1-AC75-49E3-95CA-C9C635055376}.Debug|Any CPU.ActiveCfg = Debug|Any CPU
		{2C7A61A1-AC75-49E3-95CA-C9C635055376}.Debug|Any CPU.Build.0 = Debug|Any CPU
		{2C7A61A1-AC75-49E3-95CA-C9C635055376}.Release|Any CPU.ActiveCfg = Release|Any CPU
		{2C7A61A1-AC75-49E3-95CA-C9C635055376}.Release|Any CPU.Build.0 = Release|Any CPU
		{D6F3C810-F562-4639-B8D6-CDCE87B07F05}.Debug|Any CPU.ActiveCfg = Debug|Any CPU
		{D6F3C810-F562-4639-B8D6-CDCE87B07F05}.Debug|Any CPU.Build.0 = Debug|Any CPU
		{D6F3C810-F562-4639-B8D6-CDCE87B07F05}.Release|Any CPU.ActiveCfg = Release|Any CPU
		{D6F3C810-F562-4639-B8D6-CDCE87B07F05}.Release|Any CPU.Build.0 = Release|Any CPU
		{252177AB-84D5-4944-8B8B-5F9E44AF1F93}.Debug|Any CPU.ActiveCfg = Debug|Any CPU
		{252177AB-84D5-4944-8B8B-5F9E44AF1F93}.Debug|Any CPU.Build.0 = Debug|Any CPU
		{252177AB-84D5-4944-8B8B-5F9E44AF1F93}.Release|Any CPU.ActiveCfg = Release|Any CPU
		{252177AB-84D5-4944-8B8B-5F9E44AF1F93}.Release|Any CPU.Build.0 = Release|Any CPU
		{CD7493E1-2092-445D-BE73-DC0E877AEA72}.Debug|Any CPU.ActiveCfg = Debug|Any CPU
		{CD7493E1-2092-445D-BE73-DC0E877AEA72}.Debug|Any CPU.Build.0 = Debug|Any CPU
		{CD7493E1-2092-445D-BE73-DC0E877AEA72}.Release|Any CPU.ActiveCfg = Release|Any CPU
		{CD7493E1-2092-445D-BE73-DC0E877AEA72}.Release|Any CPU.Build.0 = Release|Any CPU
		{C8F0B948-72BF-46AD-8F35-136D7E9CCBFA}.Debug|Any CPU.ActiveCfg = Debug|Any CPU
		{C8F0B948-72BF-46AD-8F35-136D7E9CCBFA}.Debug|Any CPU.Build.0 = Debug|Any CPU
		{C8F0B948-72BF-46AD-8F35-136D7E9CCBFA}.Release|Any CPU.ActiveCfg = Release|Any CPU
		{C8F0B948-72BF-46AD-8F35-136D7E9CCBFA}.Release|Any CPU.Build.0 = Release|Any CPU
		{4BF61F00-2C1F-487C-B1E1-E4CA927B336B}.Debug|Any CPU.ActiveCfg = Debug|Any CPU
		{4BF61F00-2C1F-487C-B1E1-E4CA927B336B}.Debug|Any CPU.Build.0 = Debug|Any CPU
		{4BF61F00-2C1F-487C-B1E1-E4CA927B336B}.Release|Any CPU.ActiveCfg = Release|Any CPU
		{4BF61F00-2C1F-487C-B1E1-E4CA927B336B}.Release|Any CPU.Build.0 = Release|Any CPU
		{713DE142-226D-4961-B48B-31DDCFBD2D29}.Debug|Any CPU.ActiveCfg = Debug|Any CPU
		{713DE142-226D-4961-B48B-31DDCFBD2D29}.Debug|Any CPU.Build.0 = Debug|Any CPU
		{713DE142-226D-4961-B48B-31DDCFBD2D29}.Release|Any CPU.ActiveCfg = Release|Any CPU
		{713DE142-226D-4961-B48B-31DDCFBD2D29}.Release|Any CPU.Build.0 = Release|Any CPU
		{844EE663-226C-4A48-9235-2AE0E5E19FC3}.Debug|Any CPU.ActiveCfg = Debug|Any CPU
		{844EE663-226C-4A48-9235-2AE0E5E19FC3}.Debug|Any CPU.Build.0 = Debug|Any CPU
		{844EE663-226C-4A48-9235-2AE0E5E19FC3}.Release|Any CPU.ActiveCfg = Release|Any CPU
		{844EE663-226C-4A48-9235-2AE0E5E19FC3}.Release|Any CPU.Build.0 = Release|Any CPU
		{03C8D8F9-7806-407E-BEA0-8C0ACA25C957}.Debug|Any CPU.ActiveCfg = Debug|Any CPU
		{03C8D8F9-7806-407E-BEA0-8C0ACA25C957}.Debug|Any CPU.Build.0 = Debug|Any CPU
		{03C8D8F9-7806-407E-BEA0-8C0ACA25C957}.Release|Any CPU.ActiveCfg = Release|Any CPU
		{03C8D8F9-7806-407E-BEA0-8C0ACA25C957}.Release|Any CPU.Build.0 = Release|Any CPU
		{18F62AE2-3B00-4584-95A2-19CF9716FF43}.Debug|Any CPU.ActiveCfg = Debug|Any CPU
		{18F62AE2-3B00-4584-95A2-19CF9716FF43}.Debug|Any CPU.Build.0 = Debug|Any CPU
		{18F62AE2-3B00-4584-95A2-19CF9716FF43}.Release|Any CPU.ActiveCfg = Release|Any CPU
		{18F62AE2-3B00-4584-95A2-19CF9716FF43}.Release|Any CPU.Build.0 = Release|Any CPU
		{908061E1-1EDC-4002-AE36-C79EA23C9480}.Debug|Any CPU.ActiveCfg = Debug|Any CPU
		{908061E1-1EDC-4002-AE36-C79EA23C9480}.Debug|Any CPU.Build.0 = Debug|Any CPU
		{908061E1-1EDC-4002-AE36-C79EA23C9480}.Release|Any CPU.ActiveCfg = Release|Any CPU
		{908061E1-1EDC-4002-AE36-C79EA23C9480}.Release|Any CPU.Build.0 = Release|Any CPU
		{DF0A4AB9-B88D-4CAF-AC20-15D3D13792BF}.Debug|Any CPU.ActiveCfg = Debug|Any CPU
		{DF0A4AB9-B88D-4CAF-AC20-15D3D13792BF}.Debug|Any CPU.Build.0 = Debug|Any CPU
		{DF0A4AB9-B88D-4CAF-AC20-15D3D13792BF}.Release|Any CPU.ActiveCfg = Release|Any CPU
		{DF0A4AB9-B88D-4CAF-AC20-15D3D13792BF}.Release|Any CPU.Build.0 = Release|Any CPU
	EndGlobalSection
	GlobalSection(SolutionProperties) = preSolution
		HideSolutionNode = FALSE
	EndGlobalSection
	GlobalSection(NestedProjects) = preSolution
		{41EC46EA-1386-4EB1-8986-D1C9FC03FC95} = {367EC2AB-F287-49F4-A3C4-118311E29A7D}
		{E02982B5-3A01-4828-85A9-068E67391C5D} = {367EC2AB-F287-49F4-A3C4-118311E29A7D}
		{EB8D4301-FA3E-43FF-AB09-5461C699C3D6} = {367EC2AB-F287-49F4-A3C4-118311E29A7D}
		{82DDD4B6-082A-4DC0-AB9A-8A423B162970} = {367EC2AB-F287-49F4-A3C4-118311E29A7D}
		{6926F438-7632-4C9E-B1D8-CB05ABF23131} = {367EC2AB-F287-49F4-A3C4-118311E29A7D}
		{2239F18F-F3EE-4D8F-825C-9794CF6AC499} = {367EC2AB-F287-49F4-A3C4-118311E29A7D}
		{193BB801-054F-4729-9D5D-FCE1E32594BF} = {367EC2AB-F287-49F4-A3C4-118311E29A7D}
		{F009700A-BF17-4DD5-AE05-4BBD0F0BE5D4} = {367EC2AB-F287-49F4-A3C4-118311E29A7D}
		{5AE7297B-B357-4C4C-8E30-47B041D8346F} = {8F9EDF73-4570-42A4-9D6A-A1123ED88CD7}
		{AC14D247-4F1F-42CD-922E-F2DFEDE32F50} = {367EC2AB-F287-49F4-A3C4-118311E29A7D}
		{EB7B934A-D092-418F-93DA-A606D23C6360} = {43F0E7B8-069E-4A18-AB58-CFBF86B245B4}
		{D0E5584D-A3F2-4319-9606-BDD31B214D3F} = {43F0E7B8-069E-4A18-AB58-CFBF86B245B4}
		{D8D7D362-31BE-44F9-8607-877E33747BA1} = {8F9EDF73-4570-42A4-9D6A-A1123ED88CD7}
		{21B56C74-908C-435D-9E29-C94D4803501D} = {8F9EDF73-4570-42A4-9D6A-A1123ED88CD7}
		{61A54F11-1781-419E-8EF6-2014807B1437} = {8F9EDF73-4570-42A4-9D6A-A1123ED88CD7}
		{0EDCFCDB-08FC-43AE-B6BB-BAF8D6EDF61E} = {367EC2AB-F287-49F4-A3C4-118311E29A7D}
		{62DEC6C1-F1C0-4E9B-AED5-EDB757EB2BD0} = {367EC2AB-F287-49F4-A3C4-118311E29A7D}
		{966C2F8B-47E5-4E6D-ABFC-13501E739D25} = {367EC2AB-F287-49F4-A3C4-118311E29A7D}
		{2C7A61A1-AC75-49E3-95CA-C9C635055376} = {8F9EDF73-4570-42A4-9D6A-A1123ED88CD7}
		{D6F3C810-F562-4639-B8D6-CDCE87B07F05} = {8F9EDF73-4570-42A4-9D6A-A1123ED88CD7}
		{252177AB-84D5-4944-8B8B-5F9E44AF1F93} = {8F9EDF73-4570-42A4-9D6A-A1123ED88CD7}
		{CD7493E1-2092-445D-BE73-DC0E877AEA72} = {5C02EBE7-8CD6-4951-884C-799EA3CBA959}
		{C8F0B948-72BF-46AD-8F35-136D7E9CCBFA} = {5C02EBE7-8CD6-4951-884C-799EA3CBA959}
		{4BF61F00-2C1F-487C-B1E1-E4CA927B336B} = {5C02EBE7-8CD6-4951-884C-799EA3CBA959}
		{713DE142-226D-4961-B48B-31DDCFBD2D29} = {5C02EBE7-8CD6-4951-884C-799EA3CBA959}
		{844EE663-226C-4A48-9235-2AE0E5E19FC3} = {5C02EBE7-8CD6-4951-884C-799EA3CBA959}
		{03C8D8F9-7806-407E-BEA0-8C0ACA25C957} = {43F0E7B8-069E-4A18-AB58-CFBF86B245B4}
		{18F62AE2-3B00-4584-95A2-19CF9716FF43} = {8F9EDF73-4570-42A4-9D6A-A1123ED88CD7}
		{908061E1-1EDC-4002-AE36-C79EA23C9480} = {8F9EDF73-4570-42A4-9D6A-A1123ED88CD7}
		{DF0A4AB9-B88D-4CAF-AC20-15D3D13792BF} = {0F475948-8F1E-4E82-83F0-A9B95F4DEE1F}
	EndGlobalSection
EndGlobal
